
Microsoft Visual Studio Solution File, Format Version 12.00
# Visual Studio Version 17
VisualStudioVersion = 17.9.34714.143
MinimumVisualStudioVersion = 10.0.40219.1
Project("{FAE04EC0-301F-11D3-BF4B-00C04F79EFBC}") = "POC1-SQL", "POC1-SQL\POC1-SQL.csproj", "{283151A4-6A25-4B8F-AFC3-117DC0270900}"
EndProject
Global
	GlobalSection(SolutionConfigurationPlatforms) = preSolution
		Debug|Any CPU = Debug|Any CPU
		Release|Any CPU = Release|Any CPU
	EndGlobalSection
	GlobalSection(ProjectConfigurationPlatforms) = postSolution
		{283151A4-6A25-4B8F-AFC3-117DC0270900}.Debug|Any CPU.ActiveCfg = Debug|Any CPU
		{283151A4-6A25-4B8F-AFC3-117DC0270900}.Debug|Any CPU.Build.0 = Debug|Any CPU
		{283151A4-6A25-4B8F-AFC3-117DC0270900}.Release|Any CPU.ActiveCfg = Release|Any CPU
		{283151A4-6A25-4B8F-AFC3-117DC0270900}.Release|Any CPU.Build.0 = Release|Any CPU
	EndGlobalSection
	GlobalSection(SolutionProperties) = preSolution
		HideSolutionNode = FALSE
	EndGlobalSection
	GlobalSection(ExtensibilityGlobals) = postSolution
		SolutionGuid = {E9093464-ED52-4A12-A751-895A2E181B0A}
	EndGlobalSection
EndGlobal
