
Microsoft Visual Studio Solution File, Format Version 12.00
# Visual Studio Version 17
VisualStudioVersion = 17.9.34714.143
MinimumVisualStudioVersion = 10.0.40219.1
Project("{9A19103F-16F7-4668-BE54-9A1E7A4F7556}") = "POC1-SQL", "POC1-SQL\POC1-SQL.csproj", "{283151A4-6A25-4B8F-AFC3-117DC0270900}"
EndProject
Project("{2150E333-8FDC-42A3-9474-1A3956D46DE8}") = "src", "src", "{4228D5F8-78D3-4D61-A28F-F80B1F2D2F62}"
EndProject
Project("{2150E333-8FDC-42A3-9474-1A3956D46DE8}") = "test", "test", "{63CE472B-96CD-45FC-AD61-C6DF92737D3C}"
EndProject
Project("{2150E333-8FDC-42A3-9474-1A3956D46DE8}") = ".azure-pipeline", ".azure-pipeline", "{FDF82517-C285-4BCB-8E29-DDBA291AAD41}"
EndProject
Project("{9A19103F-16F7-4668-BE54-9A1E7A4F7556}") = "POC1-SQL.Domain", "POC1-SQL.Domain\POC1-SQL.Domain.csproj", "{835C8ACC-356C-4DAE-987B-152F521EB53C}"
EndProject
Project("{2150E333-8FDC-42A3-9474-1A3956D46DE8}") = "DAL", "DAL", "{1265878F-F4CF-4EBB-A604-CDF3907C2268}"
EndProject
Project("{FAE04EC0-301F-11D3-BF4B-00C04F79EFBC}") = "Data Access Layer", "Data Access Layer\Data Access Layer.csproj", "{65C07FBA-A015-40EC-A59A-D0DADA78D530}"
EndProject
Global
	GlobalSection(SolutionConfigurationPlatforms) = preSolution
		Debug|Any CPU = Debug|Any CPU
		Release|Any CPU = Release|Any CPU
	EndGlobalSection
	GlobalSection(ProjectConfigurationPlatforms) = postSolution
		{283151A4-6A25-4B8F-AFC3-117DC0270900}.Debug|Any CPU.ActiveCfg = Debug|Any CPU
		{283151A4-6A25-4B8F-AFC3-117DC0270900}.Debug|Any CPU.Build.0 = Debug|Any CPU
		{283151A4-6A25-4B8F-AFC3-117DC0270900}.Release|Any CPU.ActiveCfg = Release|Any CPU
		{283151A4-6A25-4B8F-AFC3-117DC0270900}.Release|Any CPU.Build.0 = Release|Any CPU
		{835C8ACC-356C-4DAE-987B-152F521EB53C}.Debug|Any CPU.ActiveCfg = Debug|Any CPU
		{835C8ACC-356C-4DAE-987B-152F521EB53C}.Debug|Any CPU.Build.0 = Debug|Any CPU
		{835C8ACC-356C-4DAE-987B-152F521EB53C}.Release|Any CPU.ActiveCfg = Release|Any CPU
		{835C8ACC-356C-4DAE-987B-152F521EB53C}.Release|Any CPU.Build.0 = Release|Any CPU
		{65C07FBA-A015-40EC-A59A-D0DADA78D530}.Debug|Any CPU.ActiveCfg = Debug|Any CPU
		{65C07FBA-A015-40EC-A59A-D0DADA78D530}.Debug|Any CPU.Build.0 = Debug|Any CPU
		{65C07FBA-A015-40EC-A59A-D0DADA78D530}.Release|Any CPU.ActiveCfg = Release|Any CPU
		{65C07FBA-A015-40EC-A59A-D0DADA78D530}.Release|Any CPU.Build.0 = Release|Any CPU
	EndGlobalSection
	GlobalSection(SolutionProperties) = preSolution
		HideSolutionNode = FALSE
	EndGlobalSection
	GlobalSection(NestedProjects) = preSolution
		{283151A4-6A25-4B8F-AFC3-117DC0270900} = {4228D5F8-78D3-4D61-A28F-F80B1F2D2F62}
		{835C8ACC-356C-4DAE-987B-152F521EB53C} = {4228D5F8-78D3-4D61-A28F-F80B1F2D2F62}
		{1265878F-F4CF-4EBB-A604-CDF3907C2268} = {4228D5F8-78D3-4D61-A28F-F80B1F2D2F62}
		{65C07FBA-A015-40EC-A59A-D0DADA78D530} = {1265878F-F4CF-4EBB-A604-CDF3907C2268}
	EndGlobalSection
	GlobalSection(ExtensibilityGlobals) = postSolution
		SolutionGuid = {E9093464-ED52-4A12-A751-895A2E181B0A}
	EndGlobalSection
EndGlobal
